
Microsoft Visual Studio Solution File, Format Version 12.00
# Visual Studio Version 17
VisualStudioVersion = 17.1.32228.430
MinimumVisualStudioVersion = 10.0.40219.1
Project("{9A19103F-16F7-4668-BE54-9A1E7A4F7556}") = "Playwright.TableElement", "Playwright.TableElement\Playwright.TableElement.csproj", "{15D56B4F-0EEA-46B5-AFA4-38EF2624609B}"
EndProject
Project("{FAE04EC0-301F-11D3-BF4B-00C04F79EFBC}") = "Playwright.TableElement.UiTests", "Playwright.TableElement.UiTests\Playwright.TableElement.UiTests.csproj", "{D4A8ED38-0329-485F-BCE7-D8C1259F8DEB}"
EndProject
Global
	GlobalSection(SolutionConfigurationPlatforms) = preSolution
		Debug|Any CPU = Debug|Any CPU
		Release|Any CPU = Release|Any CPU
	EndGlobalSection
	GlobalSection(ProjectConfigurationPlatforms) = postSolution
		{15D56B4F-0EEA-46B5-AFA4-38EF2624609B}.Debug|Any CPU.ActiveCfg = Debug|Any CPU
		{15D56B4F-0EEA-46B5-AFA4-38EF2624609B}.Debug|Any CPU.Build.0 = Debug|Any CPU
		{15D56B4F-0EEA-46B5-AFA4-38EF2624609B}.Release|Any CPU.ActiveCfg = Release|Any CPU
		{15D56B4F-0EEA-46B5-AFA4-38EF2624609B}.Release|Any CPU.Build.0 = Release|Any CPU
		{D4A8ED38-0329-485F-BCE7-D8C1259F8DEB}.Debug|Any CPU.ActiveCfg = Debug|Any CPU
		{D4A8ED38-0329-485F-BCE7-D8C1259F8DEB}.Debug|Any CPU.Build.0 = Debug|Any CPU
		{D4A8ED38-0329-485F-BCE7-D8C1259F8DEB}.Release|Any CPU.ActiveCfg = Release|Any CPU
		{D4A8ED38-0329-485F-BCE7-D8C1259F8DEB}.Release|Any CPU.Build.0 = Release|Any CPU
	EndGlobalSection
	GlobalSection(SolutionProperties) = preSolution
		HideSolutionNode = FALSE
	EndGlobalSection
	GlobalSection(ExtensibilityGlobals) = postSolution
		SolutionGuid = {A01A94AC-92DA-4931-9EE8-F2820F403D0F}
	EndGlobalSection
EndGlobal
